
Microsoft Visual Studio Solution File, Format Version 12.00
# Visual Studio Version 17
VisualStudioVersion = 17.3.32819.101
MinimumVisualStudioVersion = 10.0.40219.1
Project("{FAE04EC0-301F-11D3-BF4B-00C04F79EFBC}") = "ConsoleAppLP1_1", "ConsoleApp1\ConsoleAppLP1_1.csproj", "{92582E29-F580-498E-8783-490FE509F27C}"
EndProject
Global
	GlobalSection(SolutionConfigurationPlatforms) = preSolution
		Debug|Any CPU = Debug|Any CPU
		Release|Any CPU = Release|Any CPU
	EndGlobalSection
	GlobalSection(ProjectConfigurationPlatforms) = postSolution
		{92582E29-F580-498E-8783-490FE509F27C}.Debug|Any CPU.ActiveCfg = Debug|Any CPU
		{92582E29-F580-498E-8783-490FE509F27C}.Debug|Any CPU.Build.0 = Debug|Any CPU
		{92582E29-F580-498E-8783-490FE509F27C}.Release|Any CPU.ActiveCfg = Release|Any CPU
		{92582E29-F580-498E-8783-490FE509F27C}.Release|Any CPU.Build.0 = Release|Any CPU
	EndGlobalSection
	GlobalSection(SolutionProperties) = preSolution
		HideSolutionNode = FALSE
	EndGlobalSection
	GlobalSection(ExtensibilityGlobals) = postSolution
		SolutionGuid = {18141A0E-FC57-4395-8FD2-DAC5DFAF4BC6}
	EndGlobalSection
EndGlobal
